{
  "requires": true,
  "lockfileVersion": 1,
  "dependencies": {
    "date-names": {
      "version": "0.1.13",
      "resolved": "https://registry.npmjs.org/date-names/-/date-names-0.1.13.tgz",
      "integrity": "sha512-IxxoeD9tdx8pXVcmqaRlPvrXIsSrSrIZzfzlOkm9u+hyzKp5Wk/odt9O/gd7Ockzy8n/WHeEpTVJ2bF3mMV4LA=="
    },
    "ini": {
      "version": "1.3.5",
      "resolved": "https://registry.npmjs.org/ini/-/ini-1.3.5.tgz",
      "integrity": "sha512-RZY5huIKCMRWDUqZlEi72f/lmXKMvuszcMBduliQ3nnWbx9X/ZBQO7DijMEYS9EhHBb2qacRUMtC7svLwe0lcw=="
    },
    "ordinal": {
      "version": "1.0.3",
      "resolved": "https://registry.npmjs.org/ordinal/-/ordinal-1.0.3.tgz",
      "integrity": "sha512-cMddMgb2QElm8G7vdaa02jhUNbTSrhsgAGUz1OokD83uJTwSUn+nKoNoKVVaRa08yF6sgfO7Maou1+bgLd9rdQ=="
    }
  }
}
